
Microsoft Visual Studio Solution File, Format Version 12.00
# Visual Studio Version 16
VisualStudioVersion = 16.0.30523.141
MinimumVisualStudioVersion = 10.0.40219.1
Project("{FAE04EC0-301F-11D3-BF4B-00C04F79EFBC}") = "GK_proj2", "GK_proj2\GK_proj2.csproj", "{1C77ABC1-1E9D-4C42-8A80-8B5C71DA2851}"
EndProject
Global
	GlobalSection(SolutionConfigurationPlatforms) = preSolution
		Debug|Any CPU = Debug|Any CPU
		Release|Any CPU = Release|Any CPU
	EndGlobalSection
	GlobalSection(ProjectConfigurationPlatforms) = postSolution
		{1C77ABC1-1E9D-4C42-8A80-8B5C71DA2851}.Debug|Any CPU.ActiveCfg = Debug|Any CPU
		{1C77ABC1-1E9D-4C42-8A80-8B5C71DA2851}.Debug|Any CPU.Build.0 = Debug|Any CPU
		{1C77ABC1-1E9D-4C42-8A80-8B5C71DA2851}.Release|Any CPU.ActiveCfg = Release|Any CPU
		{1C77ABC1-1E9D-4C42-8A80-8B5C71DA2851}.Release|Any CPU.Build.0 = Release|Any CPU
	EndGlobalSection
	GlobalSection(SolutionProperties) = preSolution
		HideSolutionNode = FALSE
	EndGlobalSection
	GlobalSection(ExtensibilityGlobals) = postSolution
		SolutionGuid = {CC1396BF-B0FF-4770-A894-21F17AB10B92}
	EndGlobalSection
EndGlobal
